
Microsoft Visual Studio Solution File, Format Version 12.00
Project("{2150E333-8FDC-42A3-9474-1A3956D46DE8}") = "src", "src", "{40BF149C-D552-497E-9136-5532DFBB88C4}"
EndProject
Project("{2150E333-8FDC-42A3-9474-1A3956D46DE8}") = "0. Common", "src\0. Common", "{943D2A52-E9C0-4674-8334-731E6F4C63DA}"
EndProject
Project("{2150E333-8FDC-42A3-9474-1A3956D46DE8}") = "1. API", "src\1. API", "{46EF7DA6-DB75-4732-B61D-E4284ABAAEBB}"
EndProject
Project("{2150E333-8FDC-42A3-9474-1A3956D46DE8}") = "2. Domain", "src\2. Domain", "{2ED1F507-F0F4-4647-ACD6-052F7294748A}"
EndProject
Project("{2150E333-8FDC-42A3-9474-1A3956D46DE8}") = "3. Infrastructure", "src\3. Infrastructure", "{4D818D50-1233-4FC9-90A5-186F09E0F9FF}"
EndProject
Project("{FAE04EC0-301F-11D3-BF4B-00C04F79EFBC}") = "KeycloakUserService.API", "src\1. API\KeycloakUserService.API\KeycloakUserService.API.csproj", "{C5C31788-1038-4D55-81E0-37E041F52321}"
EndProject
Project("{FAE04EC0-301F-11D3-BF4B-00C04F79EFBC}") = "KeycloakUserService.API.Models", "src\1. API\KeycloakUserService.API.Models\KeycloakUserService.API.Models.csproj", "{6DE2B6CB-11AA-438B-AFA6-F0C9B71EA403}"
EndProject
Global
	GlobalSection(SolutionConfigurationPlatforms) = preSolution
		Debug|Any CPU = Debug|Any CPU
		Release|Any CPU = Release|Any CPU
	EndGlobalSection
	GlobalSection(ProjectConfigurationPlatforms) = postSolution
		{C5C31788-1038-4D55-81E0-37E041F52321}.Debug|Any CPU.ActiveCfg = Debug|Any CPU
		{C5C31788-1038-4D55-81E0-37E041F52321}.Debug|Any CPU.Build.0 = Debug|Any CPU
		{C5C31788-1038-4D55-81E0-37E041F52321}.Release|Any CPU.ActiveCfg = Release|Any CPU
		{C5C31788-1038-4D55-81E0-37E041F52321}.Release|Any CPU.Build.0 = Release|Any CPU
		{6DE2B6CB-11AA-438B-AFA6-F0C9B71EA403}.Debug|Any CPU.ActiveCfg = Debug|Any CPU
		{6DE2B6CB-11AA-438B-AFA6-F0C9B71EA403}.Debug|Any CPU.Build.0 = Debug|Any CPU
		{6DE2B6CB-11AA-438B-AFA6-F0C9B71EA403}.Release|Any CPU.ActiveCfg = Release|Any CPU
		{6DE2B6CB-11AA-438B-AFA6-F0C9B71EA403}.Release|Any CPU.Build.0 = Release|Any CPU
	EndGlobalSection
	GlobalSection(NestedProjects) = preSolution
		{C5C31788-1038-4D55-81E0-37E041F52321} = {46EF7DA6-DB75-4732-B61D-E4284ABAAEBB}
		{6DE2B6CB-11AA-438B-AFA6-F0C9B71EA403} = {46EF7DA6-DB75-4732-B61D-E4284ABAAEBB}
		{46EF7DA6-DB75-4732-B61D-E4284ABAAEBB} = {40BF149C-D552-497E-9136-5532DFBB88C4}
		{2ED1F507-F0F4-4647-ACD6-052F7294748A} = {40BF149C-D552-497E-9136-5532DFBB88C4}
		{4D818D50-1233-4FC9-90A5-186F09E0F9FF} = {40BF149C-D552-497E-9136-5532DFBB88C4}
		{943D2A52-E9C0-4674-8334-731E6F4C63DA} = {40BF149C-D552-497E-9136-5532DFBB88C4}
	EndGlobalSection
EndGlobal
