
Microsoft Visual Studio Solution File, Format Version 12.00
Project("{2150E333-8FDC-42A3-9474-1A3956D46DE8}") = "src", "src", "{40BF149C-D552-497E-9136-5532DFBB88C4}"
EndProject
Project("{2150E333-8FDC-42A3-9474-1A3956D46DE8}") = "0. Common", "src\0. Common", "{943D2A52-E9C0-4674-8334-731E6F4C63DA}"
EndProject
Project("{2150E333-8FDC-42A3-9474-1A3956D46DE8}") = "1. API", "src\1. API", "{46EF7DA6-DB75-4732-B61D-E4284ABAAEBB}"
EndProject
Project("{2150E333-8FDC-42A3-9474-1A3956D46DE8}") = "2. Domain", "src\2. Domain", "{2ED1F507-F0F4-4647-ACD6-052F7294748A}"
EndProject
Project("{2150E333-8FDC-42A3-9474-1A3956D46DE8}") = "3. Infrastructure", "src\3. Infrastructure", "{4D818D50-1233-4FC9-90A5-186F09E0F9FF}"
EndProject
Project("{2150E333-8FDC-42A3-9474-1A3956D46DE8}") = "4. DAL", "src\4. DAL", "{C8603446-AA6C-4A66-81A2-97B8A91B44A3}"
EndProject
Project("{FAE04EC0-301F-11D3-BF4B-00C04F79EFBC}") = "KeycloakUserService.API", "src\1. API\KeycloakUserService.API\KeycloakUserService.API.csproj", "{C5C31788-1038-4D55-81E0-37E041F52321}"
EndProject
Project("{FAE04EC0-301F-11D3-BF4B-00C04F79EFBC}") = "KeycloakUserService.API.Models", "src\1. API\KeycloakUserService.API.Models\KeycloakUserService.API.Models.csproj", "{6DE2B6CB-11AA-438B-AFA6-F0C9B71EA403}"
EndProject
Project("{FAE04EC0-301F-11D3-BF4B-00C04F79EFBC}") = "KeycloakUserService.Domain", "src\2. Domain\KeycloakUserService.Domain\KeycloakUserService.Domain.csproj", "{90BA4B29-B0E8-4BD6-AF47-AA419A9B1120}"
EndProject
Project("{FAE04EC0-301F-11D3-BF4B-00C04F79EFBC}") = "KeycloakUserService.Domain.Entities", "src\2. Domain\KeycloakUserService.Domain.Entities\KeycloakUserService.Domain.Entities.csproj", "{8937BA62-0D0A-4006-B035-02328EE75370}"
EndProject
Project("{FAE04EC0-301F-11D3-BF4B-00C04F79EFBC}") = "KeycloakUserService.Domain.Shared", "src\2. Domain\KeycloakUserService.Domain.Shared\KeycloakUserService.Domain.Shared.csproj", "{41EC09B9-2351-4161-9D60-AFD6D3FDA593}"
EndProject
Project("{FAE04EC0-301F-11D3-BF4B-00C04F79EFBC}") = "KeycloakUserService.Infrastructure", "src\3. Infrastructure\KeycloakUserService.Infrastructure\KeycloakUserService.Infrastructure.csproj", "{9275E35A-8D02-4FFC-B51D-25EA7B00905F}"
EndProject
Project("{FAE04EC0-301F-11D3-BF4B-00C04F79EFBC}") = "KeycloakUserService.Infrastructure.Services", "src\3. Infrastructure\KeycloakUserService.Infrastructure.Services\KeycloakUserService.Infrastructure.Services.csproj", "{F7E3D4F7-F0E7-41CC-B8D6-6CA01566BC3D}"
EndProject
Project("{FAE04EC0-301F-11D3-BF4B-00C04F79EFBC}") = "KeycloakUserService.DAL", "src\4. DAL\KeycloakUserService.DAL\KeycloakUserService.DAL.csproj", "{69411E52-136E-4E3A-9946-AB6EEF479F71}"
EndProject
Project("{FAE04EC0-301F-11D3-BF4B-00C04F79EFBC}") = "KeycloakUserService.DAL.Migrator", "src\4. DAL\KeycloakUserService.DAL.Migrator\KeycloakUserService.DAL.Migrator.csproj", "{243C0344-3B5E-4152-AB2A-FAB5BE9BCDB2}"
EndProject
Global
	GlobalSection(SolutionConfigurationPlatforms) = preSolution
		Debug|Any CPU = Debug|Any CPU
		Release|Any CPU = Release|Any CPU
	EndGlobalSection
	GlobalSection(ProjectConfigurationPlatforms) = postSolution
		{C5C31788-1038-4D55-81E0-37E041F52321}.Debug|Any CPU.ActiveCfg = Debug|Any CPU
		{C5C31788-1038-4D55-81E0-37E041F52321}.Debug|Any CPU.Build.0 = Debug|Any CPU
		{C5C31788-1038-4D55-81E0-37E041F52321}.Release|Any CPU.ActiveCfg = Release|Any CPU
		{C5C31788-1038-4D55-81E0-37E041F52321}.Release|Any CPU.Build.0 = Release|Any CPU
		{6DE2B6CB-11AA-438B-AFA6-F0C9B71EA403}.Debug|Any CPU.ActiveCfg = Debug|Any CPU
		{6DE2B6CB-11AA-438B-AFA6-F0C9B71EA403}.Debug|Any CPU.Build.0 = Debug|Any CPU
		{6DE2B6CB-11AA-438B-AFA6-F0C9B71EA403}.Release|Any CPU.ActiveCfg = Release|Any CPU
		{6DE2B6CB-11AA-438B-AFA6-F0C9B71EA403}.Release|Any CPU.Build.0 = Release|Any CPU
		{69411E52-136E-4E3A-9946-AB6EEF479F71}.Debug|Any CPU.ActiveCfg = Debug|Any CPU
		{69411E52-136E-4E3A-9946-AB6EEF479F71}.Debug|Any CPU.Build.0 = Debug|Any CPU
		{69411E52-136E-4E3A-9946-AB6EEF479F71}.Release|Any CPU.ActiveCfg = Release|Any CPU
		{69411E52-136E-4E3A-9946-AB6EEF479F71}.Release|Any CPU.Build.0 = Release|Any CPU
		{41EC09B9-2351-4161-9D60-AFD6D3FDA593}.Debug|Any CPU.ActiveCfg = Debug|Any CPU
		{41EC09B9-2351-4161-9D60-AFD6D3FDA593}.Debug|Any CPU.Build.0 = Debug|Any CPU
		{41EC09B9-2351-4161-9D60-AFD6D3FDA593}.Release|Any CPU.ActiveCfg = Release|Any CPU
		{41EC09B9-2351-4161-9D60-AFD6D3FDA593}.Release|Any CPU.Build.0 = Release|Any CPU
		{9275E35A-8D02-4FFC-B51D-25EA7B00905F}.Debug|Any CPU.ActiveCfg = Debug|Any CPU
		{9275E35A-8D02-4FFC-B51D-25EA7B00905F}.Debug|Any CPU.Build.0 = Debug|Any CPU
		{9275E35A-8D02-4FFC-B51D-25EA7B00905F}.Release|Any CPU.ActiveCfg = Release|Any CPU
		{9275E35A-8D02-4FFC-B51D-25EA7B00905F}.Release|Any CPU.Build.0 = Release|Any CPU
		{F7E3D4F7-F0E7-41CC-B8D6-6CA01566BC3D}.Debug|Any CPU.ActiveCfg = Debug|Any CPU
		{F7E3D4F7-F0E7-41CC-B8D6-6CA01566BC3D}.Debug|Any CPU.Build.0 = Debug|Any CPU
		{F7E3D4F7-F0E7-41CC-B8D6-6CA01566BC3D}.Release|Any CPU.ActiveCfg = Release|Any CPU
		{F7E3D4F7-F0E7-41CC-B8D6-6CA01566BC3D}.Release|Any CPU.Build.0 = Release|Any CPU
		{8937BA62-0D0A-4006-B035-02328EE75370}.Debug|Any CPU.ActiveCfg = Debug|Any CPU
		{8937BA62-0D0A-4006-B035-02328EE75370}.Debug|Any CPU.Build.0 = Debug|Any CPU
		{8937BA62-0D0A-4006-B035-02328EE75370}.Release|Any CPU.ActiveCfg = Release|Any CPU
		{8937BA62-0D0A-4006-B035-02328EE75370}.Release|Any CPU.Build.0 = Release|Any CPU
		{90BA4B29-B0E8-4BD6-AF47-AA419A9B1120}.Debug|Any CPU.ActiveCfg = Debug|Any CPU
		{90BA4B29-B0E8-4BD6-AF47-AA419A9B1120}.Debug|Any CPU.Build.0 = Debug|Any CPU
		{90BA4B29-B0E8-4BD6-AF47-AA419A9B1120}.Release|Any CPU.ActiveCfg = Release|Any CPU
		{90BA4B29-B0E8-4BD6-AF47-AA419A9B1120}.Release|Any CPU.Build.0 = Release|Any CPU
		{243C0344-3B5E-4152-AB2A-FAB5BE9BCDB2}.Debug|Any CPU.ActiveCfg = Debug|Any CPU
		{243C0344-3B5E-4152-AB2A-FAB5BE9BCDB2}.Debug|Any CPU.Build.0 = Debug|Any CPU
		{243C0344-3B5E-4152-AB2A-FAB5BE9BCDB2}.Release|Any CPU.ActiveCfg = Release|Any CPU
		{243C0344-3B5E-4152-AB2A-FAB5BE9BCDB2}.Release|Any CPU.Build.0 = Release|Any CPU
	EndGlobalSection
	GlobalSection(NestedProjects) = preSolution
		{C5C31788-1038-4D55-81E0-37E041F52321} = {46EF7DA6-DB75-4732-B61D-E4284ABAAEBB}
		{6DE2B6CB-11AA-438B-AFA6-F0C9B71EA403} = {46EF7DA6-DB75-4732-B61D-E4284ABAAEBB}
		{46EF7DA6-DB75-4732-B61D-E4284ABAAEBB} = {40BF149C-D552-497E-9136-5532DFBB88C4}
		{2ED1F507-F0F4-4647-ACD6-052F7294748A} = {40BF149C-D552-497E-9136-5532DFBB88C4}
		{4D818D50-1233-4FC9-90A5-186F09E0F9FF} = {40BF149C-D552-497E-9136-5532DFBB88C4}
		{943D2A52-E9C0-4674-8334-731E6F4C63DA} = {40BF149C-D552-497E-9136-5532DFBB88C4}
		{41EC09B9-2351-4161-9D60-AFD6D3FDA593} = {2ED1F507-F0F4-4647-ACD6-052F7294748A}
		{9275E35A-8D02-4FFC-B51D-25EA7B00905F} = {4D818D50-1233-4FC9-90A5-186F09E0F9FF}
		{F7E3D4F7-F0E7-41CC-B8D6-6CA01566BC3D} = {4D818D50-1233-4FC9-90A5-186F09E0F9FF}
		{8937BA62-0D0A-4006-B035-02328EE75370} = {2ED1F507-F0F4-4647-ACD6-052F7294748A}
		{90BA4B29-B0E8-4BD6-AF47-AA419A9B1120} = {2ED1F507-F0F4-4647-ACD6-052F7294748A}
		{C8603446-AA6C-4A66-81A2-97B8A91B44A3} = {40BF149C-D552-497E-9136-5532DFBB88C4}
		{243C0344-3B5E-4152-AB2A-FAB5BE9BCDB2} = {C8603446-AA6C-4A66-81A2-97B8A91B44A3}
		{69411E52-136E-4E3A-9946-AB6EEF479F71} = {C8603446-AA6C-4A66-81A2-97B8A91B44A3}
	EndGlobalSection
EndGlobal
